
Microsoft Visual Studio Solution File, Format Version 12.00
# Visual Studio Version 16
VisualStudioVersion = 16.0.29728.190
MinimumVisualStudioVersion = 10.0.40219.1
Project("{9A19103F-16F7-4668-BE54-9A1E7A4F7556}") = "XamarinWebAssembly", "XamarinWebAssembly\XamarinWebAssembly.csproj", "{4F2F29E8-7198-4762-965D-3453BE0FE723}"
EndProject
Project("{FAE04EC0-301F-11D3-BF4B-00C04F79EFBC}") = "XamarinWebAssembly.Android", "XamarinWebAssembly.Android\XamarinWebAssembly.Android.csproj", "{4A4D7191-8E66-4BF9-ACCF-5C5FE46FDB91}"
EndProject
Project("{FAE04EC0-301F-11D3-BF4B-00C04F79EFBC}") = "XamarinWebAssembly.iOS", "XamarinWebAssembly.iOS\XamarinWebAssembly.iOS.csproj", "{6204D485-5553-497E-9E6D-300D8D345689}"
EndProject
Project("{FAE04EC0-301F-11D3-BF4B-00C04F79EFBC}") = "XamarinWebAssembly.UWP", "XamarinWebAssembly.UWP\XamarinWebAssembly.UWP.csproj", "{C326AA24-1ED2-4690-8D9F-EFD2420EC130}"
EndProject
Project("{9A19103F-16F7-4668-BE54-9A1E7A4F7556}") = "Xamarin.Forms.PancakeView.Multi", "Xamarin.Forms.PancakeView.Multi\Xamarin.Forms.PancakeView.Multi.csproj", "{D7FEBD6F-9307-41A5-B137-58F2242E10C7}"
EndProject
Project("{FAE04EC0-301F-11D3-BF4B-00C04F79EFBC}") = "XamarinWebAssembly.Wasm", "XamarinWebAssembly.Wasm\XamarinWebAssembly.Wasm.csproj", "{D2D3D609-2E6D-48F9-9873-BD7CC5D381FB}"
EndProject
Global
	GlobalSection(SolutionConfigurationPlatforms) = preSolution
		Debug|Any CPU = Debug|Any CPU
		Debug|ARM = Debug|ARM
		Debug|iPhone = Debug|iPhone
		Debug|iPhoneSimulator = Debug|iPhoneSimulator
		Debug|x64 = Debug|x64
		Debug|x86 = Debug|x86
		Release|Any CPU = Release|Any CPU
		Release|ARM = Release|ARM
		Release|iPhone = Release|iPhone
		Release|iPhoneSimulator = Release|iPhoneSimulator
		Release|x64 = Release|x64
		Release|x86 = Release|x86
	EndGlobalSection
	GlobalSection(ProjectConfigurationPlatforms) = postSolution
		{4F2F29E8-7198-4762-965D-3453BE0FE723}.Debug|Any CPU.ActiveCfg = Debug|Any CPU
		{4F2F29E8-7198-4762-965D-3453BE0FE723}.Debug|Any CPU.Build.0 = Debug|Any CPU
		{4F2F29E8-7198-4762-965D-3453BE0FE723}.Debug|ARM.ActiveCfg = Debug|Any CPU
		{4F2F29E8-7198-4762-965D-3453BE0FE723}.Debug|ARM.Build.0 = Debug|Any CPU
		{4F2F29E8-7198-4762-965D-3453BE0FE723}.Debug|iPhone.ActiveCfg = Debug|Any CPU
		{4F2F29E8-7198-4762-965D-3453BE0FE723}.Debug|iPhone.Build.0 = Debug|Any CPU
		{4F2F29E8-7198-4762-965D-3453BE0FE723}.Debug|iPhoneSimulator.ActiveCfg = Debug|Any CPU
		{4F2F29E8-7198-4762-965D-3453BE0FE723}.Debug|iPhoneSimulator.Build.0 = Debug|Any CPU
		{4F2F29E8-7198-4762-965D-3453BE0FE723}.Debug|x64.ActiveCfg = Debug|Any CPU
		{4F2F29E8-7198-4762-965D-3453BE0FE723}.Debug|x64.Build.0 = Debug|Any CPU
		{4F2F29E8-7198-4762-965D-3453BE0FE723}.Debug|x86.ActiveCfg = Debug|Any CPU
		{4F2F29E8-7198-4762-965D-3453BE0FE723}.Debug|x86.Build.0 = Debug|Any CPU
		{4F2F29E8-7198-4762-965D-3453BE0FE723}.Release|Any CPU.ActiveCfg = Release|Any CPU
		{4F2F29E8-7198-4762-965D-3453BE0FE723}.Release|Any CPU.Build.0 = Release|Any CPU
		{4F2F29E8-7198-4762-965D-3453BE0FE723}.Release|ARM.ActiveCfg = Release|Any CPU
		{4F2F29E8-7198-4762-965D-3453BE0FE723}.Release|ARM.Build.0 = Release|Any CPU
		{4F2F29E8-7198-4762-965D-3453BE0FE723}.Release|iPhone.ActiveCfg = Release|Any CPU
		{4F2F29E8-7198-4762-965D-3453BE0FE723}.Release|iPhone.Build.0 = Release|Any CPU
		{4F2F29E8-7198-4762-965D-3453BE0FE723}.Release|iPhoneSimulator.ActiveCfg = Release|Any CPU
		{4F2F29E8-7198-4762-965D-3453BE0FE723}.Release|iPhoneSimulator.Build.0 = Release|Any CPU
		{4F2F29E8-7198-4762-965D-3453BE0FE723}.Release|x64.ActiveCfg = Release|Any CPU
		{4F2F29E8-7198-4762-965D-3453BE0FE723}.Release|x64.Build.0 = Release|Any CPU
		{4F2F29E8-7198-4762-965D-3453BE0FE723}.Release|x86.ActiveCfg = Release|Any CPU
		{4F2F29E8-7198-4762-965D-3453BE0FE723}.Release|x86.Build.0 = Release|Any CPU
		{4A4D7191-8E66-4BF9-ACCF-5C5FE46FDB91}.Debug|Any CPU.ActiveCfg = Debug|Any CPU
		{4A4D7191-8E66-4BF9-ACCF-5C5FE46FDB91}.Debug|Any CPU.Build.0 = Debug|Any CPU
		{4A4D7191-8E66-4BF9-ACCF-5C5FE46FDB91}.Debug|Any CPU.Deploy.0 = Debug|Any CPU
		{4A4D7191-8E66-4BF9-ACCF-5C5FE46FDB91}.Debug|ARM.ActiveCfg = Debug|Any CPU
		{4A4D7191-8E66-4BF9-ACCF-5C5FE46FDB91}.Debug|ARM.Build.0 = Debug|Any CPU
		{4A4D7191-8E66-4BF9-ACCF-5C5FE46FDB91}.Debug|ARM.Deploy.0 = Debug|Any CPU
		{4A4D7191-8E66-4BF9-ACCF-5C5FE46FDB91}.Debug|iPhone.ActiveCfg = Debug|Any CPU
		{4A4D7191-8E66-4BF9-ACCF-5C5FE46FDB91}.Debug|iPhone.Build.0 = Debug|Any CPU
		{4A4D7191-8E66-4BF9-ACCF-5C5FE46FDB91}.Debug|iPhone.Deploy.0 = Debug|Any CPU
		{4A4D7191-8E66-4BF9-ACCF-5C5FE46FDB91}.Debug|iPhoneSimulator.ActiveCfg = Debug|Any CPU
		{4A4D7191-8E66-4BF9-ACCF-5C5FE46FDB91}.Debug|iPhoneSimulator.Build.0 = Debug|Any CPU
		{4A4D7191-8E66-4BF9-ACCF-5C5FE46FDB91}.Debug|iPhoneSimulator.Deploy.0 = Debug|Any CPU
		{4A4D7191-8E66-4BF9-ACCF-5C5FE46FDB91}.Debug|x64.ActiveCfg = Debug|Any CPU
		{4A4D7191-8E66-4BF9-ACCF-5C5FE46FDB91}.Debug|x64.Build.0 = Debug|Any CPU
		{4A4D7191-8E66-4BF9-ACCF-5C5FE46FDB91}.Debug|x64.Deploy.0 = Debug|Any CPU
		{4A4D7191-8E66-4BF9-ACCF-5C5FE46FDB91}.Debug|x86.ActiveCfg = Debug|Any CPU
		{4A4D7191-8E66-4BF9-ACCF-5C5FE46FDB91}.Debug|x86.Build.0 = Debug|Any CPU
		{4A4D7191-8E66-4BF9-ACCF-5C5FE46FDB91}.Debug|x86.Deploy.0 = Debug|Any CPU
		{4A4D7191-8E66-4BF9-ACCF-5C5FE46FDB91}.Release|Any CPU.ActiveCfg = Release|Any CPU
		{4A4D7191-8E66-4BF9-ACCF-5C5FE46FDB91}.Release|Any CPU.Build.0 = Release|Any CPU
		{4A4D7191-8E66-4BF9-ACCF-5C5FE46FDB91}.Release|Any CPU.Deploy.0 = Release|Any CPU
		{4A4D7191-8E66-4BF9-ACCF-5C5FE46FDB91}.Release|ARM.ActiveCfg = Release|Any CPU
		{4A4D7191-8E66-4BF9-ACCF-5C5FE46FDB91}.Release|ARM.Build.0 = Release|Any CPU
		{4A4D7191-8E66-4BF9-ACCF-5C5FE46FDB91}.Release|ARM.Deploy.0 = Release|Any CPU
		{4A4D7191-8E66-4BF9-ACCF-5C5FE46FDB91}.Release|iPhone.ActiveCfg = Release|Any CPU
		{4A4D7191-8E66-4BF9-ACCF-5C5FE46FDB91}.Release|iPhone.Build.0 = Release|Any CPU
		{4A4D7191-8E66-4BF9-ACCF-5C5FE46FDB91}.Release|iPhone.Deploy.0 = Release|Any CPU
		{4A4D7191-8E66-4BF9-ACCF-5C5FE46FDB91}.Release|iPhoneSimulator.ActiveCfg = Release|Any CPU
		{4A4D7191-8E66-4BF9-ACCF-5C5FE46FDB91}.Release|iPhoneSimulator.Build.0 = Release|Any CPU
		{4A4D7191-8E66-4BF9-ACCF-5C5FE46FDB91}.Release|iPhoneSimulator.Deploy.0 = Release|Any CPU
		{4A4D7191-8E66-4BF9-ACCF-5C5FE46FDB91}.Release|x64.ActiveCfg = Release|Any CPU
		{4A4D7191-8E66-4BF9-ACCF-5C5FE46FDB91}.Release|x64.Build.0 = Release|Any CPU
		{4A4D7191-8E66-4BF9-ACCF-5C5FE46FDB91}.Release|x64.Deploy.0 = Release|Any CPU
		{4A4D7191-8E66-4BF9-ACCF-5C5FE46FDB91}.Release|x86.ActiveCfg = Release|Any CPU
		{4A4D7191-8E66-4BF9-ACCF-5C5FE46FDB91}.Release|x86.Build.0 = Release|Any CPU
		{4A4D7191-8E66-4BF9-ACCF-5C5FE46FDB91}.Release|x86.Deploy.0 = Release|Any CPU
		{6204D485-5553-497E-9E6D-300D8D345689}.Debug|Any CPU.ActiveCfg = Debug|iPhone
		{6204D485-5553-497E-9E6D-300D8D345689}.Debug|ARM.ActiveCfg = Debug|iPhone
		{6204D485-5553-497E-9E6D-300D8D345689}.Debug|iPhone.ActiveCfg = Debug|iPhone
		{6204D485-5553-497E-9E6D-300D8D345689}.Debug|iPhone.Build.0 = Debug|iPhone
		{6204D485-5553-497E-9E6D-300D8D345689}.Debug|iPhoneSimulator.ActiveCfg = Debug|iPhoneSimulator
		{6204D485-5553-497E-9E6D-300D8D345689}.Debug|iPhoneSimulator.Build.0 = Debug|iPhoneSimulator
		{6204D485-5553-497E-9E6D-300D8D345689}.Debug|x64.ActiveCfg = Debug|iPhone
		{6204D485-5553-497E-9E6D-300D8D345689}.Debug|x86.ActiveCfg = Debug|iPhone
		{6204D485-5553-497E-9E6D-300D8D345689}.Release|Any CPU.ActiveCfg = Release|iPhone
		{6204D485-5553-497E-9E6D-300D8D345689}.Release|ARM.ActiveCfg = Release|iPhone
		{6204D485-5553-497E-9E6D-300D8D345689}.Release|iPhone.ActiveCfg = Release|iPhone
		{6204D485-5553-497E-9E6D-300D8D345689}.Release|iPhone.Build.0 = Release|iPhone
		{6204D485-5553-497E-9E6D-300D8D345689}.Release|iPhoneSimulator.ActiveCfg = Release|iPhoneSimulator
		{6204D485-5553-497E-9E6D-300D8D345689}.Release|iPhoneSimulator.Build.0 = Release|iPhoneSimulator
		{6204D485-5553-497E-9E6D-300D8D345689}.Release|x64.ActiveCfg = Release|iPhone
		{6204D485-5553-497E-9E6D-300D8D345689}.Release|x86.ActiveCfg = Release|iPhone
		{C326AA24-1ED2-4690-8D9F-EFD2420EC130}.Debug|Any CPU.ActiveCfg = Debug|x86
		{C326AA24-1ED2-4690-8D9F-EFD2420EC130}.Debug|ARM.ActiveCfg = Debug|ARM
		{C326AA24-1ED2-4690-8D9F-EFD2420EC130}.Debug|ARM.Build.0 = Debug|ARM
		{C326AA24-1ED2-4690-8D9F-EFD2420EC130}.Debug|ARM.Deploy.0 = Debug|ARM
		{C326AA24-1ED2-4690-8D9F-EFD2420EC130}.Debug|iPhone.ActiveCfg = Debug|x86
		{C326AA24-1ED2-4690-8D9F-EFD2420EC130}.Debug|iPhoneSimulator.ActiveCfg = Debug|x86
		{C326AA24-1ED2-4690-8D9F-EFD2420EC130}.Debug|x64.ActiveCfg = Debug|x64
		{C326AA24-1ED2-4690-8D9F-EFD2420EC130}.Debug|x64.Build.0 = Debug|x64
		{C326AA24-1ED2-4690-8D9F-EFD2420EC130}.Debug|x64.Deploy.0 = Debug|x64
		{C326AA24-1ED2-4690-8D9F-EFD2420EC130}.Debug|x86.ActiveCfg = Debug|x86
		{C326AA24-1ED2-4690-8D9F-EFD2420EC130}.Debug|x86.Build.0 = Debug|x86
		{C326AA24-1ED2-4690-8D9F-EFD2420EC130}.Debug|x86.Deploy.0 = Debug|x86
		{C326AA24-1ED2-4690-8D9F-EFD2420EC130}.Release|Any CPU.ActiveCfg = Release|x86
		{C326AA24-1ED2-4690-8D9F-EFD2420EC130}.Release|ARM.ActiveCfg = Release|ARM
		{C326AA24-1ED2-4690-8D9F-EFD2420EC130}.Release|ARM.Build.0 = Release|ARM
		{C326AA24-1ED2-4690-8D9F-EFD2420EC130}.Release|ARM.Deploy.0 = Release|ARM
		{C326AA24-1ED2-4690-8D9F-EFD2420EC130}.Release|iPhone.ActiveCfg = Release|x86
		{C326AA24-1ED2-4690-8D9F-EFD2420EC130}.Release|iPhoneSimulator.ActiveCfg = Release|x86
		{C326AA24-1ED2-4690-8D9F-EFD2420EC130}.Release|x64.ActiveCfg = Release|x64
		{C326AA24-1ED2-4690-8D9F-EFD2420EC130}.Release|x64.Build.0 = Release|x64
		{C326AA24-1ED2-4690-8D9F-EFD2420EC130}.Release|x64.Deploy.0 = Release|x64
		{C326AA24-1ED2-4690-8D9F-EFD2420EC130}.Release|x86.ActiveCfg = Release|x86
		{C326AA24-1ED2-4690-8D9F-EFD2420EC130}.Release|x86.Build.0 = Release|x86
		{C326AA24-1ED2-4690-8D9F-EFD2420EC130}.Release|x86.Deploy.0 = Release|x86
		{D7FEBD6F-9307-41A5-B137-58F2242E10C7}.Debug|Any CPU.ActiveCfg = Debug|Any CPU
		{D7FEBD6F-9307-41A5-B137-58F2242E10C7}.Debug|Any CPU.Build.0 = Debug|Any CPU
		{D7FEBD6F-9307-41A5-B137-58F2242E10C7}.Debug|ARM.ActiveCfg = Debug|Any CPU
		{D7FEBD6F-9307-41A5-B137-58F2242E10C7}.Debug|ARM.Build.0 = Debug|Any CPU
		{D7FEBD6F-9307-41A5-B137-58F2242E10C7}.Debug|iPhone.ActiveCfg = Debug|Any CPU
		{D7FEBD6F-9307-41A5-B137-58F2242E10C7}.Debug|iPhone.Build.0 = Debug|Any CPU
		{D7FEBD6F-9307-41A5-B137-58F2242E10C7}.Debug|iPhoneSimulator.ActiveCfg = Debug|Any CPU
		{D7FEBD6F-9307-41A5-B137-58F2242E10C7}.Debug|iPhoneSimulator.Build.0 = Debug|Any CPU
		{D7FEBD6F-9307-41A5-B137-58F2242E10C7}.Debug|x64.ActiveCfg = Debug|Any CPU
		{D7FEBD6F-9307-41A5-B137-58F2242E10C7}.Debug|x64.Build.0 = Debug|Any CPU
		{D7FEBD6F-9307-41A5-B137-58F2242E10C7}.Debug|x86.ActiveCfg = Debug|Any CPU
		{D7FEBD6F-9307-41A5-B137-58F2242E10C7}.Debug|x86.Build.0 = Debug|Any CPU
		{D7FEBD6F-9307-41A5-B137-58F2242E10C7}.Release|Any CPU.ActiveCfg = Release|Any CPU
		{D7FEBD6F-9307-41A5-B137-58F2242E10C7}.Release|Any CPU.Build.0 = Release|Any CPU
		{D7FEBD6F-9307-41A5-B137-58F2242E10C7}.Release|ARM.ActiveCfg = Release|Any CPU
		{D7FEBD6F-9307-41A5-B137-58F2242E10C7}.Release|ARM.Build.0 = Release|Any CPU
		{D7FEBD6F-9307-41A5-B137-58F2242E10C7}.Release|iPhone.ActiveCfg = Release|Any CPU
		{D7FEBD6F-9307-41A5-B137-58F2242E10C7}.Release|iPhone.Build.0 = Release|Any CPU
		{D7FEBD6F-9307-41A5-B137-58F2242E10C7}.Release|iPhoneSimulator.ActiveCfg = Release|Any CPU
		{D7FEBD6F-9307-41A5-B137-58F2242E10C7}.Release|iPhoneSimulator.Build.0 = Release|Any CPU
		{D7FEBD6F-9307-41A5-B137-58F2242E10C7}.Release|x64.ActiveCfg = Release|Any CPU
		{D7FEBD6F-9307-41A5-B137-58F2242E10C7}.Release|x64.Build.0 = Release|Any CPU
		{D7FEBD6F-9307-41A5-B137-58F2242E10C7}.Release|x86.ActiveCfg = Release|Any CPU
		{D7FEBD6F-9307-41A5-B137-58F2242E10C7}.Release|x86.Build.0 = Release|Any CPU
		{D2D3D609-2E6D-48F9-9873-BD7CC5D381FB}.Debug|Any CPU.ActiveCfg = Debug|Any CPU
		{D2D3D609-2E6D-48F9-9873-BD7CC5D381FB}.Debug|Any CPU.Build.0 = Debug|Any CPU
		{D2D3D609-2E6D-48F9-9873-BD7CC5D381FB}.Debug|ARM.ActiveCfg = Debug|Any CPU
		{D2D3D609-2E6D-48F9-9873-BD7CC5D381FB}.Debug|ARM.Build.0 = Debug|Any CPU
		{D2D3D609-2E6D-48F9-9873-BD7CC5D381FB}.Debug|iPhone.ActiveCfg = Debug|Any CPU
		{D2D3D609-2E6D-48F9-9873-BD7CC5D381FB}.Debug|iPhone.Build.0 = Debug|Any CPU
		{D2D3D609-2E6D-48F9-9873-BD7CC5D381FB}.Debug|iPhoneSimulator.ActiveCfg = Debug|Any CPU
		{D2D3D609-2E6D-48F9-9873-BD7CC5D381FB}.Debug|iPhoneSimulator.Build.0 = Debug|Any CPU
		{D2D3D609-2E6D-48F9-9873-BD7CC5D381FB}.Debug|x64.ActiveCfg = Debug|Any CPU
		{D2D3D609-2E6D-48F9-9873-BD7CC5D381FB}.Debug|x64.Build.0 = Debug|Any CPU
		{D2D3D609-2E6D-48F9-9873-BD7CC5D381FB}.Debug|x86.ActiveCfg = Debug|Any CPU
		{D2D3D609-2E6D-48F9-9873-BD7CC5D381FB}.Debug|x86.Build.0 = Debug|Any CPU
		{D2D3D609-2E6D-48F9-9873-BD7CC5D381FB}.Release|Any CPU.ActiveCfg = Release|Any CPU
		{D2D3D609-2E6D-48F9-9873-BD7CC5D381FB}.Release|Any CPU.Build.0 = Release|Any CPU
		{D2D3D609-2E6D-48F9-9873-BD7CC5D381FB}.Release|ARM.ActiveCfg = Release|Any CPU
		{D2D3D609-2E6D-48F9-9873-BD7CC5D381FB}.Release|ARM.Build.0 = Release|Any CPU
		{D2D3D609-2E6D-48F9-9873-BD7CC5D381FB}.Release|iPhone.ActiveCfg = Release|Any CPU
		{D2D3D609-2E6D-48F9-9873-BD7CC5D381FB}.Release|iPhone.Build.0 = Release|Any CPU
		{D2D3D609-2E6D-48F9-9873-BD7CC5D381FB}.Release|iPhoneSimulator.ActiveCfg = Release|Any CPU
		{D2D3D609-2E6D-48F9-9873-BD7CC5D381FB}.Release|iPhoneSimulator.Build.0 = Release|Any CPU
		{D2D3D609-2E6D-48F9-9873-BD7CC5D381FB}.Release|x64.ActiveCfg = Release|Any CPU
		{D2D3D609-2E6D-48F9-9873-BD7CC5D381FB}.Release|x64.Build.0 = Release|Any CPU
		{D2D3D609-2E6D-48F9-9873-BD7CC5D381FB}.Release|x86.ActiveCfg = Release|Any CPU
		{D2D3D609-2E6D-48F9-9873-BD7CC5D381FB}.Release|x86.Build.0 = Release|Any CPU
	EndGlobalSection
	GlobalSection(SolutionProperties) = preSolution
		HideSolutionNode = FALSE
	EndGlobalSection
	GlobalSection(ExtensibilityGlobals) = postSolution
		SolutionGuid = {917D48B8-99B5-4209-A012-24D9F80D464D}
	EndGlobalSection
EndGlobal
